<?xml version="1.0" encoding="utf-8"?>
<Project ToolsVersion="4.0" xmlns="http://schemas.microsoft.com/developer/msbuild/2003">
  <ItemGroup>
    <Filter Include="Jagat">
      <UniqueIdentifier>{4C09710D-B81D-99BE-819F-3C1EED7295EF}</UniqueIdentifier>
    </Filter>
  </ItemGroup>
  <ItemGroup>
    <ClInclude Include="src\Jagat.h" />
    <ClInclude Include="src\Jagat\Application.h">
      <Filter>Jagat</Filter>
    </ClInclude>
    <ClInclude Include="src\Jagat\Core.h">
      <Filter>Jagat</Filter>
    </ClInclude>
    <ClInclude Include="src\Jagat\EntryPoint.h">
      <Filter>Jagat</Filter>
    </ClInclude>
    <ClInclude Include="src\Jagat\Log.h">
      <Filter>Jagat</Filter>
    </ClInclude>
  </ItemGroup>
  <ItemGroup>
    <ClCompile Include="src\Jagat\Application.cpp">
      <Filter>Jagat</Filter>
    </ClCompile>
    <ClCompile Include="src\Jagat\Log.cpp">
      <Filter>Jagat</Filter>
    </ClCompile>
  </ItemGroup>
</Project>